Microsoft Visual Studio Solution File, Format Version 12.00
# Visual Studio Version 18
VisualStudioVersion = 18.3.11520.95 d18.3
MinimumVisualStudioVersion = 10.0.40219.1
Project("{FAE04EC0-301F-11D3-BF4B-00C04F79EFBC}") = "FiapCloudGames.Api", "src\FiapCloudGames.Api\FiapCloudGames.Api.csproj", "{A92C8A94-34B8-4A22-93ED-C52D791D7085}"
EndProject
Project("{FAE04EC0-301F-11D3-BF4B-00C04F79EFBC}") = "FiapCloudGames.Api.Tests", "tests\FiapCloudGames.Api.Tests\FiapCloudGames.Api.Tests.csproj", "{43E72DFD-2E7B-46DB-A912-7E5F771B668B}"
EndProject
Global
	GlobalSection(SolutionConfigurationPlatforms) = preSolution
		Debug|Any CPU = Debug|Any CPU
		Release|Any CPU = Release|Any CPU
	EndGlobalSection
	GlobalSection(ProjectConfigurationPlatforms) = postSolution
		{A92C8A94-34B8-4A22-93ED-C52D791D7085}.Debug|Any CPU.ActiveCfg = Debug|Any CPU
		{A92C8A94-34B8-4A22-93ED-C52D791D7085}.Debug|Any CPU.Build.0 = Debug|Any CPU
		{A92C8A94-34B8-4A22-93ED-C52D791D7085}.Release|Any CPU.ActiveCfg = Release|Any CPU
		{A92C8A94-34B8-4A22-93ED-C52D791D7085}.Release|Any CPU.Build.0 = Release|Any CPU
		{43E72DFD-2E7B-46DB-A912-7E5F771B668B}.Debug|Any CPU.ActiveCfg = Debug|Any CPU
		{43E72DFD-2E7B-46DB-A912-7E5F771B668B}.Debug|Any CPU.Build.0 = Debug|Any CPU
		{43E72DFD-2E7B-46DB-A912-7E5F771B668B}.Release|Any CPU.ActiveCfg = Release|Any CPU
		{43E72DFD-2E7B-46DB-A912-7E5F771B668B}.Release|Any CPU.Build.0 = Release|Any CPU
	EndGlobalSection
	GlobalSection(SolutionProperties) = preSolution
		HideSolutionNode = FALSE
	EndGlobalSection
	GlobalSection(ExtensibilityGlobals) = postSolution
		SolutionGuid = {04EEB1F1-4A51-4D6C-97E2-4419CBA05B78}
	EndGlobalSection
EndGlobal
